
Microsoft Visual Studio Solution File, Format Version 12.00
# Visual Studio Version 17
VisualStudioVersion = 17.0.31314.256
MinimumVisualStudioVersion = 10.0.40219.1
Project("{2150E333-8FDC-42A3-9474-1A3956D46DE8}") = "Automation", "Automation", "{0BFBE63A-B98A-3411-8EEB-8918FEC737B3}"
EndProject
Project("{2150E333-8FDC-42A3-9474-1A3956D46DE8}") = "Engine", "Engine", "{233774A8-CC9D-3FA9-86D1-90573E92B704}"
EndProject
Project("{2150E333-8FDC-42A3-9474-1A3956D46DE8}") = "Games", "Games", "{DE1F8B53-6C02-3C13-9101-A7C8D96F3FF6}"
EndProject
Project("{2150E333-8FDC-42A3-9474-1A3956D46DE8}") = "Programs", "Programs", "{A338B9E2-A559-34BE-A46D-F789DD488FAD}"
EndProject
Project("{2150E333-8FDC-42A3-9474-1A3956D46DE8}") = "Rules", "Rules", "{C2F57ECE-B26F-39D8-BDA7-C1D40BD8F180}"
EndProject
Project("{2150E333-8FDC-42A3-9474-1A3956D46DE8}") = "Shared", "Shared", "{57713676-9DBE-331C-AD10-26632AC9EE0C}"
EndProject
Project("{2150E333-8FDC-42A3-9474-1A3956D46DE8}") = "UnrealBuildTool.Plugins", "UnrealBuildTool.Plugins", "{7B5CFB44-F0FB-31DF-AE62-C3C096A29A7B}"
EndProject
Project("{8BC9CEB8-8B4A-11D0-8D11-00A0C91BC942}") = "UE5", "Intermediate\ProjectFiles\UE5.vcxproj", "{9682ED7E-99E2-395C-80D3-FD841D105CB5}"
EndProject
Project("{8BC9CEB8-8B4A-11D0-8D11-00A0C91BC942}") = "ColorMonster_pt", "Intermediate\ProjectFiles\ColorMonster_pt.vcxproj", "{3A24CCFC-F509-3BC9-90FB-E881834394D5}"
	ProjectSection(ProjectDependencies) = postProject
		{F1C5B539-0389-3A15-B3FB-36D30B309577} = {F1C5B539-0389-3A15-B3FB-36D30B309577}
	EndProjectSection
EndProject
Project("{FAE04EC0-301F-11D3-BF4B-00C04F79EFBC}") = "UnrealBuildTool", "..\..\..\Program Files\Epic Games\UE_5.3\Engine\Source\Programs\UnrealBuildTool\UnrealBuildTool.csproj", "{F1C5B539-0389-3A15-B3FB-36D30B309577}"
EndProject
Project("{FAE04EC0-301F-11D3-BF4B-00C04F79EFBC}") = "AutomationTool", "..\..\..\Program Files\Epic Games\UE_5.3\Engine\Source\Programs\AutomationTool\AutomationTool.csproj", "{8D21E6B0-E142-3FFF-91D5-EC83899E7CF5}"
EndProject
Project("{FAE04EC0-301F-11D3-BF4B-00C04F79EFBC}") = "Android.Automation", "..\..\..\Program Files\Epic Games\UE_5.3\Engine\Source\Programs\AutomationTool\Android\Android.Automation.csproj", "{5A22A986-D198-3DDA-8829-66902477A592}"
EndProject
Project("{FAE04EC0-301F-11D3-BF4B-00C04F79EFBC}") = "Apple.Automation", "..\..\..\Program Files\Epic Games\UE_5.3\Engine\Source\Programs\AutomationTool\Apple\Apple.Automation.csproj", "{5A393878-AA99-3864-8EB7-36502BE17953}"
EndProject
Project("{FAE04EC0-301F-11D3-BF4B-00C04F79EFBC}") = "AutomationUtils.Automation", "..\..\..\Program Files\Epic Games\UE_5.3\Engine\Source\Programs\AutomationTool\AutomationUtils\AutomationUtils.Automation.csproj", "{8ED4CE47-8297-367B-9E58-9F6DE011034A}"
EndProject
Project("{FAE04EC0-301F-11D3-BF4B-00C04F79EFBC}") = "BuildGraph.Automation", "..\..\..\Program Files\Epic Games\UE_5.3\Engine\Source\Programs\AutomationTool\BuildGraph\BuildGraph.Automation.csproj", "{FBBD0DE2-5E4F-3C80-A209-413D00ED4294}"
EndProject
Project("{FAE04EC0-301F-11D3-BF4B-00C04F79EFBC}") = "CookedEditor.Automation", "..\..\..\Program Files\Epic Games\UE_5.3\Engine\Source\Programs\AutomationTool\CookedEditor\CookedEditor.Automation.csproj", "{F7DDEB78-DB81-32F3-AC04-F16ADA2C1613}"
EndProject
Project("{FAE04EC0-301F-11D3-BF4B-00C04F79EFBC}") = "CrowdinLocalization.Automation", "..\..\..\Program Files\Epic Games\UE_5.3\Engine\Source\Programs\AutomationTool\CrowdinLocalization\CrowdinLocalization.Automation.csproj", "{87092FFC-5C04-33E2-A390-946367240887}"
EndProject
Project("{FAE04EC0-301F-11D3-BF4B-00C04F79EFBC}") = "Gauntlet.Automation", "..\..\..\Program Files\Epic Games\UE_5.3\Engine\Source\Programs\AutomationTool\Gauntlet\Gauntlet.Automation.csproj", "{ACA427C9-CC70-3CE7-8649-1AE656C56FE3}"
EndProject
Project("{FAE04EC0-301F-11D3-BF4B-00C04F79EFBC}") = "IOS.Automation", "..\..\..\Program Files\Epic Games\UE_5.3\Engine\Source\Programs\AutomationTool\IOS\IOS.Automation.csproj", "{13BC7C86-F433-39D1-9B93-AB225B23ACA7}"
EndProject
Project("{FAE04EC0-301F-11D3-BF4B-00C04F79EFBC}") = "Linux.Automation", "..\..\..\Program Files\Epic Games\UE_5.3\Engine\Source\Programs\AutomationTool\Linux\Linux.Automation.csproj", "{D54A1ED4-E516-3243-8440-BCA2DF5A25E3}"
EndProject
Project("{FAE04EC0-301F-11D3-BF4B-00C04F79EFBC}") = "Localization.Automation", "..\..\..\Program Files\Epic Games\UE_5.3\Engine\Source\Programs\AutomationTool\Localization\Localization.Automation.csproj", "{E5AA5B55-5B7E-3ADC-9D04-6AA4CC0A7C0A}"
EndProject
Project("{FAE04EC0-301F-11D3-BF4B-00C04F79EFBC}") = "LowLevelTests.Automation", "..\..\..\Program Files\Epic Games\UE_5.3\Engine\Source\Programs\AutomationTool\LowLevelTests\LowLevelTests.Automation.csproj", "{43524533-EDF2-33CF-9E68-B7D57AAF8D05}"
EndProject
Project("{FAE04EC0-301F-11D3-BF4B-00C04F79EFBC}") = "Mac.Automation", "..\..\..\Program Files\Epic Games\UE_5.3\Engine\Source\Programs\AutomationTool\Mac\Mac.Automation.csproj", "{E796CCF4-94E8-3412-87B6-A57F6CDE498F}"
EndProject
Project("{FAE04EC0-301F-11D3-BF4B-00C04F79EFBC}") = "OneSkyLocalization.Automation", "..\..\..\Program Files\Epic Games\UE_5.3\Engine\Source\Programs\AutomationTool\OneSkyLocalization\OneSkyLocalization.Automation.csproj", "{D9BA40D2-1B0D-3749-8A71-F2E0EC46F965}"
EndProject
Project("{FAE04EC0-301F-11D3-BF4B-00C04F79EFBC}") = "AutomationScripts.Automation", "..\..\..\Program Files\Epic Games\UE_5.3\Engine\Source\Programs\AutomationTool\Scripts\AutomationScripts.Automation.csproj", "{D47E0251-1346-37CE-99F3-430FE6A463B2}"
EndProject
Project("{FAE04EC0-301F-11D3-BF4B-00C04F79EFBC}") = "SmartlingLocalization.Automation", "..\..\..\Program Files\Epic Games\UE_5.3\Engine\Source\Programs\AutomationTool\SmartlingLocalization\SmartlingLocalization.Automation.csproj", "{BFCC8A0C-DCCE-3A07-835E-BEF6EB2B84F9}"
EndProject
Project("{FAE04EC0-301F-11D3-BF4B-00C04F79EFBC}") = "SteamDeck.Automation", "..\..\..\Program Files\Epic Games\UE_5.3\Engine\Source\Programs\AutomationTool\SteamDeck\SteamDeck.Automation.csproj", "{F519A971-903B-3CC2-AEE0-5266DDFD29FA}"
EndProject
Project("{FAE04EC0-301F-11D3-BF4B-00C04F79EFBC}") = "TVOS.Automation", "..\..\..\Program Files\Epic Games\UE_5.3\Engine\Source\Programs\AutomationTool\TVOS\TVOS.Automation.csproj", "{826B7FBE-F0CD-39A8-821C-7C0598A5BFEF}"
EndProject
Project("{FAE04EC0-301F-11D3-BF4B-00C04F79EFBC}") = "Turnkey.Automation", "..\..\..\Program Files\Epic Games\UE_5.3\Engine\Source\Programs\AutomationTool\Turnkey\Turnkey.Automation.csproj", "{F93CC47E-DAB2-3C41-868F-2F23152DF5C7}"
EndProject
Project("{FAE04EC0-301F-11D3-BF4B-00C04F79EFBC}") = "Win.Automation", "..\..\..\Program Files\Epic Games\UE_5.3\Engine\Source\Programs\AutomationTool\Win\Win.Automation.csproj", "{095D1075-84FE-34AB-8881-F616D439E635}"
EndProject
Project("{FAE04EC0-301F-11D3-BF4B-00C04F79EFBC}") = "XLocLocalization.Automation", "..\..\..\Program Files\Epic Games\UE_5.3\Engine\Source\Programs\AutomationTool\XLocLocalization\XLocLocalization.Automation.csproj", "{364AF865-A3BE-38BE-852D-B8DB997A92E8}"
EndProject
Project("{FAE04EC0-301F-11D3-BF4B-00C04F79EFBC}") = "ScriptGeneratorUbtPlugin.ubtplugin", "..\..\..\Program Files\Epic Games\UE_5.3\Engine\Plugins\ScriptPlugin\Source\ScriptGeneratorUbtPlugin\ScriptGeneratorUbtPlugin.ubtplugin.csproj", "{DB3EA92E-6EF7-3006-8ED0-5AA1896B1414}"
EndProject
Project("{FAE04EC0-301F-11D3-BF4B-00C04F79EFBC}") = "EpicGames.AspNet", "..\..\..\Program Files\Epic Games\UE_5.3\Engine\Source\Programs\Shared\EpicGames.AspNet\EpicGames.AspNet.csproj", "{FA6B4848-7EF2-35AC-8B7C-8D91871613DF}"
EndProject
Project("{FAE04EC0-301F-11D3-BF4B-00C04F79EFBC}") = "EpicGames.Box", "..\..\..\Program Files\Epic Games\UE_5.3\Engine\Source\Programs\Shared\EpicGames.Box\EpicGames.Box.csproj", "{4533DC16-7722-344A-A374-8E0E973FB3EA}"
EndProject
Project("{FAE04EC0-301F-11D3-BF4B-00C04F79EFBC}") = "EpicGames.Build", "..\..\..\Program Files\Epic Games\UE_5.3\Engine\Source\Programs\Shared\EpicGames.Build\EpicGames.Build.csproj", "{EEF19074-DCDC-3C20-86C2-6B9A0B65C4DE}"
EndProject
Project("{FAE04EC0-301F-11D3-BF4B-00C04F79EFBC}") = "EpicGames.BuildGraph", "..\..\..\Program Files\Epic Games\UE_5.3\Engine\Source\Programs\Shared\EpicGames.BuildGraph\EpicGames.BuildGraph.csproj", "{4B971F54-02D7-3632-9D9B-306C381222CD}"
EndProject
Project("{FAE04EC0-301F-11D3-BF4B-00C04F79EFBC}") = "EpicGames.Core", "..\..\..\Program Files\Epic Games\UE_5.3\Engine\Source\Programs\Shared\EpicGames.Core\EpicGames.Core.csproj", "{B45C490E-510B-33AE-B868-9CA8EC777554}"
EndProject
Project("{FAE04EC0-301F-11D3-BF4B-00C04F79EFBC}") = "EpicGames.Horde", "..\..\..\Program Files\Epic Games\UE_5.3\Engine\Source\Programs\Shared\EpicGames.Horde\EpicGames.Horde.csproj", "{BCC545AE-8A61-3BFD-AD38-780AD86A5DA7}"
EndProject
Project("{FAE04EC0-301F-11D3-BF4B-00C04F79EFBC}") = "EpicGames.IoHash", "..\..\..\Program Files\Epic Games\UE_5.3\Engine\Source\Programs\Shared\EpicGames.IoHash\EpicGames.IoHash.csproj", "{4F9A0290-722C-3D7F-8A4D-1B1A58E11529}"
EndProject
Project("{FAE04EC0-301F-11D3-BF4B-00C04F79EFBC}") = "EpicGames.Jupiter", "..\..\..\Program Files\Epic Games\UE_5.3\Engine\Source\Programs\Shared\EpicGames.Jupiter\EpicGames.Jupiter.csproj", "{1EDC856B-37C8-3B06-A199-68ECAD39D860}"
EndProject
Project("{FAE04EC0-301F-11D3-BF4B-00C04F79EFBC}") = "EpicGames.MongoDB", "..\..\..\Program Files\Epic Games\UE_5.3\Engine\Source\Programs\Shared\EpicGames.MongoDB\EpicGames.MongoDB.csproj", "{D6469459-C381-3F4D-820A-9A1A62578FFA}"
EndProject
Project("{FAE04EC0-301F-11D3-BF4B-00C04F79EFBC}") = "EpicGames.MsBuild", "..\..\..\Program Files\Epic Games\UE_5.3\Engine\Source\Programs\Shared\EpicGames.MsBuild\EpicGames.MsBuild.csproj", "{2DF40333-1535-37B5-9562-142CB27E734E}"
EndProject
Project("{FAE04EC0-301F-11D3-BF4B-00C04F79EFBC}") = "EpicGames.OIDC", "..\..\..\Program Files\Epic Games\UE_5.3\Engine\Source\Programs\Shared\EpicGames.OIDC\EpicGames.OIDC.csproj", "{93E3C5ED-39CD-380C-BEF5-B0FCA6CE81D8}"
EndProject
Project("{FAE04EC0-301F-11D3-BF4B-00C04F79EFBC}") = "EpicGames.Oodle", "..\..\..\Program Files\Epic Games\UE_5.3\Engine\Source\Programs\Shared\EpicGames.Oodle\EpicGames.Oodle.csproj", "{22187E3E-F298-3320-A5C5-6EB87D524C5A}"
EndProject
Project("{FAE04EC0-301F-11D3-BF4B-00C04F79EFBC}") = "EpicGames.Perforce", "..\..\..\Program Files\Epic Games\UE_5.3\Engine\Source\Programs\Shared\EpicGames.Perforce\EpicGames.Perforce.csproj", "{36130E07-BF66-35F8-B43A-7BF60D9DAF0C}"
EndProject
Project("{FAE04EC0-301F-11D3-BF4B-00C04F79EFBC}") = "EpicGames.Perforce.Fixture", "..\..\..\Program Files\Epic Games\UE_5.3\Engine\Source\Programs\Shared\EpicGames.Perforce.Fixture\EpicGames.Perforce.Fixture.csproj", "{AF0210BF-8460-3B38-BA1D-38366028F870}"
EndProject
Project("{FAE04EC0-301F-11D3-BF4B-00C04F79EFBC}") = "EpicGames.Perforce.Managed", "..\..\..\Program Files\Epic Games\UE_5.3\Engine\Source\Programs\Shared\EpicGames.Perforce.Managed\EpicGames.Perforce.Managed.csproj", "{C03BA752-72B2-3F75-879C-75E74C8DD91F}"
EndProject
Project("{FAE04EC0-301F-11D3-BF4B-00C04F79EFBC}") = "EpicGames.Redis", "..\..\..\Program Files\Epic Games\UE_5.3\Engine\Source\Programs\Shared\EpicGames.Redis\EpicGames.Redis.csproj", "{D2DD5BFD-269B-3FB8-B6E9-A88F6D409554}"
EndProject
Project("{FAE04EC0-301F-11D3-BF4B-00C04F79EFBC}") = "EpicGames.Serialization", "..\..\..\Program Files\Epic Games\UE_5.3\Engine\Source\Programs\Shared\EpicGames.Serialization\EpicGames.Serialization.csproj", "{75E1B70D-D239-3045-A5B2-6E399F2D9F44}"
EndProject
Project("{FAE04EC0-301F-11D3-BF4B-00C04F79EFBC}") = "EpicGames.Slack", "..\..\..\Program Files\Epic Games\UE_5.3\Engine\Source\Programs\Shared\EpicGames.Slack\EpicGames.Slack.csproj", "{6263A329-2DA8-3B06-825F-A4B98CC9526D}"
EndProject
Project("{FAE04EC0-301F-11D3-BF4B-00C04F79EFBC}") = "EpicGames.Tracing", "..\..\..\Program Files\Epic Games\UE_5.3\Engine\Source\Programs\Shared\EpicGames.Tracing\EpicGames.Tracing.csproj", "{C4B06D0C-9915-391E-B720-45F546E6DC87}"
EndProject
Project("{FAE04EC0-301F-11D3-BF4B-00C04F79EFBC}") = "EpicGames.UHT", "..\..\..\Program Files\Epic Games\UE_5.3\Engine\Source\Programs\Shared\EpicGames.UHT\EpicGames.UHT.csproj", "{FFED58D3-6004-30A9-BDAC-3C6975D35DD1}"
EndProject
Project("{FAE04EC0-301F-11D3-BF4B-00C04F79EFBC}") = "UE5ProgramRules", "..\..\..\Program Files\Epic Games\UE_5.3\Engine\Intermediate\Build\BuildRulesProjects\UE5ProgramRules\UE5ProgramRules.csproj", "{C9D4FFC0-DEF3-38C9-8F4F-7ED64DE613B8}"
EndProject
Project("{FAE04EC0-301F-11D3-BF4B-00C04F79EFBC}") = "UE5Rules", "..\..\..\Program Files\Epic Games\UE_5.3\Engine\Intermediate\Build\BuildRulesProjects\UE5Rules\UE5Rules.csproj", "{7E2F6A31-A5D2-3165-ABC8-99A42DA76F6D}"
EndProject
Project("{FAE04EC0-301F-11D3-BF4B-00C04F79EFBC}") = "ColorMonster_ptModuleRules", "Intermediate\Build\BuildRulesProjects\ColorMonster_ptModuleRules\ColorMonster_ptModuleRules.csproj", "{B41FDA0C-ABCD-392D-90BD-CFE0D42A8DFF}"
EndProject
Project("{2150E333-8FDC-42A3-9474-1A3956D46DE8}") = "Visualizers", "Visualizers", "{1CCEC849-CC72-4C59-8C36-2F7C38706D4C}"
	ProjectSection(SolutionItems) = preProject
		..\..\..\Program Files\Epic Games\UE_5.3\Engine\Extras\VisualStudioDebugging\Unreal.natvis = ..\..\..\Program Files\Epic Games\UE_5.3\Engine\Extras\VisualStudioDebugging\Unreal.natvis
		..\..\..\Program Files\Epic Games\UE_5.3\Engine\Extras\VisualStudioDebugging\Unreal.natstepfilter = ..\..\..\Program Files\Epic Games\UE_5.3\Engine\Extras\VisualStudioDebugging\Unreal.natstepfilter
	EndProjectSection
EndProject
Global
	GlobalSection(SolutionConfigurationPlatforms) = preSolution
		DebugGame Editor|Win64 = DebugGame Editor|Win64
		DebugGame|Win64 = DebugGame|Win64
		Development Editor|Win64 = Development Editor|Win64
		Development|Win64 = Development|Win64
		Shipping|Win64 = Shipping|Win64
	EndGlobalSection
	# UnrealVS Section
	GlobalSection(ddbf523f-7eb6-4887-bd51-85a714ff87eb) = preSolution
		AvailablePlatforms=Win64
	EndGlobalSection
	GlobalSection(ProjectConfigurationPlatforms) = postSolution
		{9682ED7E-99E2-395C-80D3-FD841D105CB5}.DebugGame Editor|Win64.ActiveCfg = BuiltWithUnrealBuildTool|Win64
		{9682ED7E-99E2-395C-80D3-FD841D105CB5}.DebugGame|Win64.ActiveCfg = BuiltWithUnrealBuildTool|Win64
		{9682ED7E-99E2-395C-80D3-FD841D105CB5}.Development Editor|Win64.ActiveCfg = BuiltWithUnrealBuildTool|Win64
		{9682ED7E-99E2-395C-80D3-FD841D105CB5}.Development|Win64.ActiveCfg = BuiltWithUnrealBuildTool|Win64
		{9682ED7E-99E2-395C-80D3-FD841D105CB5}.Shipping|Win64.ActiveCfg = BuiltWithUnrealBuildTool|Win64
		{3A24CCFC-F509-3BC9-90FB-E881834394D5}.DebugGame Editor|Win64.ActiveCfg = DebugGame_Editor|x64
		{3A24CCFC-F509-3BC9-90FB-E881834394D5}.DebugGame Editor|Win64.Build.0 = DebugGame_Editor|x64
		{3A24CCFC-F509-3BC9-90FB-E881834394D5}.DebugGame|Win64.ActiveCfg = DebugGame|x64
		{3A24CCFC-F509-3BC9-90FB-E881834394D5}.DebugGame|Win64.Build.0 = DebugGame|x64
		{3A24CCFC-F509-3BC9-90FB-E881834394D5}.Development Editor|Win64.ActiveCfg = Development_Editor|x64
		{3A24CCFC-F509-3BC9-90FB-E881834394D5}.Development Editor|Win64.Build.0 = Development_Editor|x64
		{3A24CCFC-F509-3BC9-90FB-E881834394D5}.Development|Win64.ActiveCfg = Development|x64
		{3A24CCFC-F509-3BC9-90FB-E881834394D5}.Development|Win64.Build.0 = Development|x64
		{3A24CCFC-F509-3BC9-90FB-E881834394D5}.Shipping|Win64.ActiveCfg = Shipping|x64
		{3A24CCFC-F509-3BC9-90FB-E881834394D5}.Shipping|Win64.Build.0 = Shipping|x64
		{F1C5B539-0389-3A15-B3FB-36D30B309577}.DebugGame Editor|Win64.ActiveCfg = Development|Any CPU
		{F1C5B539-0389-3A15-B3FB-36D30B309577}.DebugGame Editor|Win64.Build.0 = Development|Any CPU
		{F1C5B539-0389-3A15-B3FB-36D30B309577}.DebugGame|Win64.ActiveCfg = Development|Any CPU
		{F1C5B539-0389-3A15-B3FB-36D30B309577}.DebugGame|Win64.Build.0 = Development|Any CPU
		{F1C5B539-0389-3A15-B3FB-36D30B309577}.Development Editor|Win64.ActiveCfg = Development|Any CPU
		{F1C5B539-0389-3A15-B3FB-36D30B309577}.Development Editor|Win64.Build.0 = Development|Any CPU
		{F1C5B539-0389-3A15-B3FB-36D30B309577}.Development|Win64.ActiveCfg = Development|Any CPU
		{F1C5B539-0389-3A15-B3FB-36D30B309577}.Development|Win64.Build.0 = Development|Any CPU
		{F1C5B539-0389-3A15-B3FB-36D30B309577}.Shipping|Win64.ActiveCfg = Development|Any CPU
		{F1C5B539-0389-3A15-B3FB-36D30B309577}.Shipping|Win64.Build.0 = Development|Any CPU
		{8D21E6B0-E142-3FFF-91D5-EC83899E7CF5}.DebugGame Editor|Win64.ActiveCfg = Development|Any CPU
		{8D21E6B0-E142-3FFF-91D5-EC83899E7CF5}.DebugGame Editor|Win64.Build.0 = Development|Any CPU
		{8D21E6B0-E142-3FFF-91D5-EC83899E7CF5}.DebugGame|Win64.ActiveCfg = Development|Any CPU
		{8D21E6B0-E142-3FFF-91D5-EC83899E7CF5}.DebugGame|Win64.Build.0 = Development|Any CPU
		{8D21E6B0-E142-3FFF-91D5-EC83899E7CF5}.Development Editor|Win64.ActiveCfg = Development|Any CPU
		{8D21E6B0-E142-3FFF-91D5-EC83899E7CF5}.Development Editor|Win64.Build.0 = Development|Any CPU
		{8D21E6B0-E142-3FFF-91D5-EC83899E7CF5}.Development|Win64.ActiveCfg = Development|Any CPU
		{8D21E6B0-E142-3FFF-91D5-EC83899E7CF5}.Development|Win64.Build.0 = Development|Any CPU
		{8D21E6B0-E142-3FFF-91D5-EC83899E7CF5}.Shipping|Win64.ActiveCfg = Development|Any CPU
		{8D21E6B0-E142-3FFF-91D5-EC83899E7CF5}.Shipping|Win64.Build.0 = Development|Any CPU
		{5A22A986-D198-3DDA-8829-66902477A592}.DebugGame Editor|Win64.ActiveCfg = Development|Any CPU
		{5A22A986-D198-3DDA-8829-66902477A592}.DebugGame Editor|Win64.Build.0 = Development|Any CPU
		{5A22A986-D198-3DDA-8829-66902477A592}.DebugGame|Win64.ActiveCfg = Development|Any CPU
		{5A22A986-D198-3DDA-8829-66902477A592}.DebugGame|Win64.Build.0 = Development|Any CPU
		{5A22A986-D198-3DDA-8829-66902477A592}.Development Editor|Win64.ActiveCfg = Development|Any CPU
		{5A22A986-D198-3DDA-8829-66902477A592}.Development Editor|Win64.Build.0 = Development|Any CPU
		{5A22A986-D198-3DDA-8829-66902477A592}.Development|Win64.ActiveCfg = Development|Any CPU
		{5A22A986-D198-3DDA-8829-66902477A592}.Development|Win64.Build.0 = Development|Any CPU
		{5A22A986-D198-3DDA-8829-66902477A592}.Shipping|Win64.ActiveCfg = Development|Any CPU
		{5A22A986-D198-3DDA-8829-66902477A592}.Shipping|Win64.Build.0 = Development|Any CPU
		{5A393878-AA99-3864-8EB7-36502BE17953}.DebugGame Editor|Win64.ActiveCfg = Development|Any CPU
		{5A393878-AA99-3864-8EB7-36502BE17953}.DebugGame Editor|Win64.Build.0 = Development|Any CPU
		{5A393878-AA99-3864-8EB7-36502BE17953}.DebugGame|Win64.ActiveCfg = Development|Any CPU
		{5A393878-AA99-3864-8EB7-36502BE17953}.DebugGame|Win64.Build.0 = Development|Any CPU
		{5A393878-AA99-3864-8EB7-36502BE17953}.Development Editor|Win64.ActiveCfg = Development|Any CPU
		{5A393878-AA99-3864-8EB7-36502BE17953}.Development Editor|Win64.Build.0 = Development|Any CPU
		{5A393878-AA99-3864-8EB7-36502BE17953}.Development|Win64.ActiveCfg = Development|Any CPU
		{5A393878-AA99-3864-8EB7-36502BE17953}.Development|Win64.Build.0 = Development|Any CPU
		{5A393878-AA99-3864-8EB7-36502BE17953}.Shipping|Win64.ActiveCfg = Development|Any CPU
		{5A393878-AA99-3864-8EB7-36502BE17953}.Shipping|Win64.Build.0 = Development|Any CPU
		{8ED4CE47-8297-367B-9E58-9F6DE011034A}.DebugGame Editor|Win64.ActiveCfg = Development|Any CPU
		{8ED4CE47-8297-367B-9E58-9F6DE011034A}.DebugGame Editor|Win64.Build.0 = Development|Any CPU
		{8ED4CE47-8297-367B-9E58-9F6DE011034A}.DebugGame|Win64.ActiveCfg = Development|Any CPU
		{8ED4CE47-8297-367B-9E58-9F6DE011034A}.DebugGame|Win64.Build.0 = Development|Any CPU
		{8ED4CE47-8297-367B-9E58-9F6DE011034A}.Development Editor|Win64.ActiveCfg = Development|Any CPU
		{8ED4CE47-8297-367B-9E58-9F6DE011034A}.Development Editor|Win64.Build.0 = Development|Any CPU
		{8ED4CE47-8297-367B-9E58-9F6DE011034A}.Development|Win64.ActiveCfg = Development|Any CPU
		{8ED4CE47-8297-367B-9E58-9F6DE011034A}.Development|Win64.Build.0 = Development|Any CPU
		{8ED4CE47-8297-367B-9E58-9F6DE011034A}.Shipping|Win64.ActiveCfg = Development|Any CPU
		{8ED4CE47-8297-367B-9E58-9F6DE011034A}.Shipping|Win64.Build.0 = Development|Any CPU
		{FBBD0DE2-5E4F-3C80-A209-413D00ED4294}.DebugGame Editor|Win64.ActiveCfg = Development|Any CPU
		{FBBD0DE2-5E4F-3C80-A209-413D00ED4294}.DebugGame Editor|Win64.Build.0 = Development|Any CPU
		{FBBD0DE2-5E4F-3C80-A209-413D00ED4294}.DebugGame|Win64.ActiveCfg = Development|Any CPU
		{FBBD0DE2-5E4F-3C80-A209-413D00ED4294}.DebugGame|Win64.Build.0 = Development|Any CPU
		{FBBD0DE2-5E4F-3C80-A209-413D00ED4294}.Development Editor|Win64.ActiveCfg = Development|Any CPU
		{FBBD0DE2-5E4F-3C80-A209-413D00ED4294}.Development Editor|Win64.Build.0 = Development|Any CPU
		{FBBD0DE2-5E4F-3C80-A209-413D00ED4294}.Development|Win64.ActiveCfg = Development|Any CPU
		{FBBD0DE2-5E4F-3C80-A209-413D00ED4294}.Development|Win64.Build.0 = Development|Any CPU
		{FBBD0DE2-5E4F-3C80-A209-413D00ED4294}.Shipping|Win64.ActiveCfg = Development|Any CPU
		{FBBD0DE2-5E4F-3C80-A209-413D00ED4294}.Shipping|Win64.Build.0 = Development|Any CPU
		{F7DDEB78-DB81-32F3-AC04-F16ADA2C1613}.DebugGame Editor|Win64.ActiveCfg = Development|Any CPU
		{F7DDEB78-DB81-32F3-AC04-F16ADA2C1613}.DebugGame Editor|Win64.Build.0 = Development|Any CPU
		{F7DDEB78-DB81-32F3-AC04-F16ADA2C1613}.DebugGame|Win64.ActiveCfg = Development|Any CPU
		{F7DDEB78-DB81-32F3-AC04-F16ADA2C1613}.DebugGame|Win64.Build.0 = Development|Any CPU
		{F7DDEB78-DB81-32F3-AC04-F16ADA2C1613}.Development Editor|Win64.ActiveCfg = Development|Any CPU
		{F7DDEB78-DB81-32F3-AC04-F16ADA2C1613}.Development Editor|Win64.Build.0 = Development|Any CPU
		{F7DDEB78-DB81-32F3-AC04-F16ADA2C1613}.Development|Win64.ActiveCfg = Development|Any CPU
		{F7DDEB78-DB81-32F3-AC04-F16ADA2C1613}.Development|Win64.Build.0 = Development|Any CPU
		{F7DDEB78-DB81-32F3-AC04-F16ADA2C1613}.Shipping|Win64.ActiveCfg = Development|Any CPU
		{F7DDEB78-DB81-32F3-AC04-F16ADA2C1613}.Shipping|Win64.Build.0 = Development|Any CPU
		{87092FFC-5C04-33E2-A390-946367240887}.DebugGame Editor|Win64.ActiveCfg = Development|Any CPU
		{87092FFC-5C04-33E2-A390-946367240887}.DebugGame Editor|Win64.Build.0 = Development|Any CPU
		{87092FFC-5C04-33E2-A390-946367240887}.DebugGame|Win64.ActiveCfg = Development|Any CPU
		{87092FFC-5C04-33E2-A390-946367240887}.DebugGame|Win64.Build.0 = Development|Any CPU
		{87092FFC-5C04-33E2-A390-946367240887}.Development Editor|Win64.ActiveCfg = Development|Any CPU
		{87092FFC-5C04-33E2-A390-946367240887}.Development Editor|Win64.Build.0 = Development|Any CPU
		{87092FFC-5C04-33E2-A390-946367240887}.Development|Win64.ActiveCfg = Development|Any CPU
		{87092FFC-5C04-33E2-A390-946367240887}.Development|Win64.Build.0 = Development|Any CPU
		{87092FFC-5C04-33E2-A390-946367240887}.Shipping|Win64.ActiveCfg = Development|Any CPU
		{87092FFC-5C04-33E2-A390-946367240887}.Shipping|Win64.Build.0 = Development|Any CPU
		{ACA427C9-CC70-3CE7-8649-1AE656C56FE3}.DebugGame Editor|Win64.ActiveCfg = Development|Any CPU
		{ACA427C9-CC70-3CE7-8649-1AE656C56FE3}.DebugGame Editor|Win64.Build.0 = Development|Any CPU
		{ACA427C9-CC70-3CE7-8649-1AE656C56FE3}.DebugGame|Win64.ActiveCfg = Development|Any CPU
		{ACA427C9-CC70-3CE7-8649-1AE656C56FE3}.DebugGame|Win64.Build.0 = Development|Any CPU
		{ACA427C9-CC70-3CE7-8649-1AE656C56FE3}.Development Editor|Win64.ActiveCfg = Development|Any CPU
		{ACA427C9-CC70-3CE7-8649-1AE656C56FE3}.Development Editor|Win64.Build.0 = Development|Any CPU
		{ACA427C9-CC70-3CE7-8649-1AE656C56FE3}.Development|Win64.ActiveCfg = Development|Any CPU
		{ACA427C9-CC70-3CE7-8649-1AE656C56FE3}.Development|Win64.Build.0 = Development|Any CPU
		{ACA427C9-CC70-3CE7-8649-1AE656C56FE3}.Shipping|Win64.ActiveCfg = Development|Any CPU
		{ACA427C9-CC70-3CE7-8649-1AE656C56FE3}.Shipping|Win64.Build.0 = Development|Any CPU
		{13BC7C86-F433-39D1-9B93-AB225B23ACA7}.DebugGame Editor|Win64.ActiveCfg = Development|Any CPU
		{13BC7C86-F433-39D1-9B93-AB225B23ACA7}.DebugGame Editor|Win64.Build.0 = Development|Any CPU
		{13BC7C86-F433-39D1-9B93-AB225B23ACA7}.DebugGame|Win64.ActiveCfg = Development|Any CPU
		{13BC7C86-F433-39D1-9B93-AB225B23ACA7}.DebugGame|Win64.Build.0 = Development|Any CPU
		{13BC7C86-F433-39D1-9B93-AB225B23ACA7}.Development Editor|Win64.ActiveCfg = Development|Any CPU
		{13BC7C86-F433-39D1-9B93-AB225B23ACA7}.Development Editor|Win64.Build.0 = Development|Any CPU
		{13BC7C86-F433-39D1-9B93-AB225B23ACA7}.Development|Win64.ActiveCfg = Development|Any CPU
		{13BC7C86-F433-39D1-9B93-AB225B23ACA7}.Development|Win64.Build.0 = Development|Any CPU
		{13BC7C86-F433-39D1-9B93-AB225B23ACA7}.Shipping|Win64.ActiveCfg = Development|Any CPU
		{13BC7C86-F433-39D1-9B93-AB225B23ACA7}.Shipping|Win64.Build.0 = Development|Any CPU
		{D54A1ED4-E516-3243-8440-BCA2DF5A25E3}.DebugGame Editor|Win64.ActiveCfg = Development|Any CPU
		{D54A1ED4-E516-3243-8440-BCA2DF5A25E3}.DebugGame Editor|Win64.Build.0 = Development|Any CPU
		{D54A1ED4-E516-3243-8440-BCA2DF5A25E3}.DebugGame|Win64.ActiveCfg = Development|Any CPU
		{D54A1ED4-E516-3243-8440-BCA2DF5A25E3}.DebugGame|Win64.Build.0 = Development|Any CPU
		{D54A1ED4-E516-3243-8440-BCA2DF5A25E3}.Development Editor|Win64.ActiveCfg = Development|Any CPU
		{D54A1ED4-E516-3243-8440-BCA2DF5A25E3}.Development Editor|Win64.Build.0 = Development|Any CPU
		{D54A1ED4-E516-3243-8440-BCA2DF5A25E3}.Development|Win64.ActiveCfg = Development|Any CPU
		{D54A1ED4-E516-3243-8440-BCA2DF5A25E3}.Development|Win64.Build.0 = Development|Any CPU
		{D54A1ED4-E516-3243-8440-BCA2DF5A25E3}.Shipping|Win64.ActiveCfg = Development|Any CPU
		{D54A1ED4-E516-3243-8440-BCA2DF5A25E3}.Shipping|Win64.Build.0 = Development|Any CPU
		{E5AA5B55-5B7E-3ADC-9D04-6AA4CC0A7C0A}.DebugGame Editor|Win64.ActiveCfg = Development|Any CPU
		{E5AA5B55-5B7E-3ADC-9D04-6AA4CC0A7C0A}.DebugGame Editor|Win64.Build.0 = Development|Any CPU
		{E5AA5B55-5B7E-3ADC-9D04-6AA4CC0A7C0A}.DebugGame|Win64.ActiveCfg = Development|Any CPU
		{E5AA5B55-5B7E-3ADC-9D04-6AA4CC0A7C0A}.DebugGame|Win64.Build.0 = Development|Any CPU
		{E5AA5B55-5B7E-3ADC-9D04-6AA4CC0A7C0A}.Development Editor|Win64.ActiveCfg = Development|Any CPU
		{E5AA5B55-5B7E-3ADC-9D04-6AA4CC0A7C0A}.Development Editor|Win64.Build.0 = Development|Any CPU
		{E5AA5B55-5B7E-3ADC-9D04-6AA4CC0A7C0A}.Development|Win64.ActiveCfg = Development|Any CPU
		{E5AA5B55-5B7E-3ADC-9D04-6AA4CC0A7C0A}.Development|Win64.Build.0 = Development|Any CPU
		{E5AA5B55-5B7E-3ADC-9D04-6AA4CC0A7C0A}.Shipping|Win64.ActiveCfg = Development|Any CPU
		{E5AA5B55-5B7E-3ADC-9D04-6AA4CC0A7C0A}.Shipping|Win64.Build.0 = Development|Any CPU
		{43524533-EDF2-33CF-9E68-B7D57AAF8D05}.DebugGame Editor|Win64.ActiveCfg = Development|Any CPU
		{43524533-EDF2-33CF-9E68-B7D57AAF8D05}.DebugGame Editor|Win64.Build.0 = Development|Any CPU
		{43524533-EDF2-33CF-9E68-B7D57AAF8D05}.DebugGame|Win64.ActiveCfg = Development|Any CPU
		{43524533-EDF2-33CF-9E68-B7D57AAF8D05}.DebugGame|Win64.Build.0 = Development|Any CPU
		{43524533-EDF2-33CF-9E68-B7D57AAF8D05}.Development Editor|Win64.ActiveCfg = Development|Any CPU
		{43524533-EDF2-33CF-9E68-B7D57AAF8D05}.Development Editor|Win64.Build.0 = Development|Any CPU
		{43524533-EDF2-33CF-9E68-B7D57AAF8D05}.Development|Win64.ActiveCfg = Development|Any CPU
		{43524533-EDF2-33CF-9E68-B7D57AAF8D05}.Development|Win64.Build.0 = Development|Any CPU
		{43524533-EDF2-33CF-9E68-B7D57AAF8D05}.Shipping|Win64.ActiveCfg = Development|Any CPU
		{43524533-EDF2-33CF-9E68-B7D57AAF8D05}.Shipping|Win64.Build.0 = Development|Any CPU
		{E796CCF4-94E8-3412-87B6-A57F6CDE498F}.DebugGame Editor|Win64.ActiveCfg = Development|Any CPU
		{E796CCF4-94E8-3412-87B6-A57F6CDE498F}.DebugGame Editor|Win64.Build.0 = Development|Any CPU
		{E796CCF4-94E8-3412-87B6-A57F6CDE498F}.DebugGame|Win64.ActiveCfg = Development|Any CPU
		{E796CCF4-94E8-3412-87B6-A57F6CDE498F}.DebugGame|Win64.Build.0 = Development|Any CPU
		{E796CCF4-94E8-3412-87B6-A57F6CDE498F}.Development Editor|Win64.ActiveCfg = Development|Any CPU
		{E796CCF4-94E8-3412-87B6-A57F6CDE498F}.Development Editor|Win64.Build.0 = Development|Any CPU
		{E796CCF4-94E8-3412-87B6-A57F6CDE498F}.Development|Win64.ActiveCfg = Development|Any CPU
		{E796CCF4-94E8-3412-87B6-A57F6CDE498F}.Development|Win64.Build.0 = Development|Any CPU
		{E796CCF4-94E8-3412-87B6-A57F6CDE498F}.Shipping|Win64.ActiveCfg = Development|Any CPU
		{E796CCF4-94E8-3412-87B6-A57F6CDE498F}.Shipping|Win64.Build.0 = Development|Any CPU
		{D9BA40D2-1B0D-3749-8A71-F2E0EC46F965}.DebugGame Editor|Win64.ActiveCfg = Development|Any CPU
		{D9BA40D2-1B0D-3749-8A71-F2E0EC46F965}.DebugGame Editor|Win64.Build.0 = Development|Any CPU
		{D9BA40D2-1B0D-3749-8A71-F2E0EC46F965}.DebugGame|Win64.ActiveCfg = Development|Any CPU
		{D9BA40D2-1B0D-3749-8A71-F2E0EC46F965}.DebugGame|Win64.Build.0 = Development|Any CPU
		{D9BA40D2-1B0D-3749-8A71-F2E0EC46F965}.Development Editor|Win64.ActiveCfg = Development|Any CPU
		{D9BA40D2-1B0D-3749-8A71-F2E0EC46F965}.Development Editor|Win64.Build.0 = Development|Any CPU
		{D9BA40D2-1B0D-3749-8A71-F2E0EC46F965}.Development|Win64.ActiveCfg = Development|Any CPU
		{D9BA40D2-1B0D-3749-8A71-F2E0EC46F965}.Development|Win64.Build.0 = Development|Any CPU
		{D9BA40D2-1B0D-3749-8A71-F2E0EC46F965}.Shipping|Win64.ActiveCfg = Development|Any CPU
		{D9BA40D2-1B0D-3749-8A71-F2E0EC46F965}.Shipping|Win64.Build.0 = Development|Any CPU
		{D47E0251-1346-37CE-99F3-430FE6A463B2}.DebugGame Editor|Win64.ActiveCfg = Development|Any CPU
		{D47E0251-1346-37CE-99F3-430FE6A463B2}.DebugGame Editor|Win64.Build.0 = Development|Any CPU
		{D47E0251-1346-37CE-99F3-430FE6A463B2}.DebugGame|Win64.ActiveCfg = Development|Any CPU
		{D47E0251-1346-37CE-99F3-430FE6A463B2}.DebugGame|Win64.Build.0 = Development|Any CPU
		{D47E0251-1346-37CE-99F3-430FE6A463B2}.Development Editor|Win64.ActiveCfg = Development|Any CPU
		{D47E0251-1346-37CE-99F3-430FE6A463B2}.Development Editor|Win64.Build.0 = Development|Any CPU
		{D47E0251-1346-37CE-99F3-430FE6A463B2}.Development|Win64.ActiveCfg = Development|Any CPU
		{D47E0251-1346-37CE-99F3-430FE6A463B2}.Development|Win64.Build.0 = Development|Any CPU
		{D47E0251-1346-37CE-99F3-430FE6A463B2}.Shipping|Win64.ActiveCfg = Development|Any CPU
		{D47E0251-1346-37CE-99F3-430FE6A463B2}.Shipping|Win64.Build.0 = Development|Any CPU
		{BFCC8A0C-DCCE-3A07-835E-BEF6EB2B84F9}.DebugGame Editor|Win64.ActiveCfg = Development|Any CPU
		{BFCC8A0C-DCCE-3A07-835E-BEF6EB2B84F9}.DebugGame Editor|Win64.Build.0 = Development|Any CPU
		{BFCC8A0C-DCCE-3A07-835E-BEF6EB2B84F9}.DebugGame|Win64.ActiveCfg = Development|Any CPU
		{BFCC8A0C-DCCE-3A07-835E-BEF6EB2B84F9}.DebugGame|Win64.Build.0 = Development|Any CPU
		{BFCC8A0C-DCCE-3A07-835E-BEF6EB2B84F9}.Development Editor|Win64.ActiveCfg = Development|Any CPU
		{BFCC8A0C-DCCE-3A07-835E-BEF6EB2B84F9}.Development Editor|Win64.Build.0 = Development|Any CPU
		{BFCC8A0C-DCCE-3A07-835E-BEF6EB2B84F9}.Development|Win64.ActiveCfg = Development|Any CPU
		{BFCC8A0C-DCCE-3A07-835E-BEF6EB2B84F9}.Development|Win64.Build.0 = Development|Any CPU
		{BFCC8A0C-DCCE-3A07-835E-BEF6EB2B84F9}.Shipping|Win64.ActiveCfg = Development|Any CPU
		{BFCC8A0C-DCCE-3A07-835E-BEF6EB2B84F9}.Shipping|Win64.Build.0 = Development|Any CPU
		{F519A971-903B-3CC2-AEE0-5266DDFD29FA}.DebugGame Editor|Win64.ActiveCfg = Development|Any CPU
		{F519A971-903B-3CC2-AEE0-5266DDFD29FA}.DebugGame Editor|Win64.Build.0 = Development|Any CPU
		{F519A971-903B-3CC2-AEE0-5266DDFD29FA}.DebugGame|Win64.ActiveCfg = Development|Any CPU
		{F519A971-903B-3CC2-AEE0-5266DDFD29FA}.DebugGame|Win64.Build.0 = Development|Any CPU
		{F519A971-903B-3CC2-AEE0-5266DDFD29FA}.Development Editor|Win64.ActiveCfg = Development|Any CPU
		{F519A971-903B-3CC2-AEE0-5266DDFD29FA}.Development Editor|Win64.Build.0 = Development|Any CPU
		{F519A971-903B-3CC2-AEE0-5266DDFD29FA}.Development|Win64.ActiveCfg = Development|Any CPU
		{F519A971-903B-3CC2-AEE0-5266DDFD29FA}.Development|Win64.Build.0 = Development|Any CPU
		{F519A971-903B-3CC2-AEE0-5266DDFD29FA}.Shipping|Win64.ActiveCfg = Development|Any CPU
		{F519A971-903B-3CC2-AEE0-5266DDFD29FA}.Shipping|Win64.Build.0 = Development|Any CPU
		{826B7FBE-F0CD-39A8-821C-7C0598A5BFEF}.DebugGame Editor|Win64.ActiveCfg = Development|Any CPU
		{826B7FBE-F0CD-39A8-821C-7C0598A5BFEF}.DebugGame Editor|Win64.Build.0 = Development|Any CPU
		{826B7FBE-F0CD-39A8-821C-7C0598A5BFEF}.DebugGame|Win64.ActiveCfg = Development|Any CPU
		{826B7FBE-F0CD-39A8-821C-7C0598A5BFEF}.DebugGame|Win64.Build.0 = Development|Any CPU
		{826B7FBE-F0CD-39A8-821C-7C0598A5BFEF}.Development Editor|Win64.ActiveCfg = Development|Any CPU
		{826B7FBE-F0CD-39A8-821C-7C0598A5BFEF}.Development Editor|Win64.Build.0 = Development|Any CPU
		{826B7FBE-F0CD-39A8-821C-7C0598A5BFEF}.Development|Win64.ActiveCfg = Development|Any CPU
		{826B7FBE-F0CD-39A8-821C-7C0598A5BFEF}.Development|Win64.Build.0 = Development|Any CPU
		{826B7FBE-F0CD-39A8-821C-7C0598A5BFEF}.Shipping|Win64.ActiveCfg = Development|Any CPU
		{826B7FBE-F0CD-39A8-821C-7C0598A5BFEF}.Shipping|Win64.Build.0 = Development|Any CPU
		{F93CC47E-DAB2-3C41-868F-2F23152DF5C7}.DebugGame Editor|Win64.ActiveCfg = Development|Any CPU
		{F93CC47E-DAB2-3C41-868F-2F23152DF5C7}.DebugGame Editor|Win64.Build.0 = Development|Any CPU
		{F93CC47E-DAB2-3C41-868F-2F23152DF5C7}.DebugGame|Win64.ActiveCfg = Development|Any CPU
		{F93CC47E-DAB2-3C41-868F-2F23152DF5C7}.DebugGame|Win64.Build.0 = Development|Any CPU
		{F93CC47E-DAB2-3C41-868F-2F23152DF5C7}.Development Editor|Win64.ActiveCfg = Development|Any CPU
		{F93CC47E-DAB2-3C41-868F-2F23152DF5C7}.Development Editor|Win64.Build.0 = Development|Any CPU
		{F93CC47E-DAB2-3C41-868F-2F23152DF5C7}.Development|Win64.ActiveCfg = Development|Any CPU
		{F93CC47E-DAB2-3C41-868F-2F23152DF5C7}.Development|Win64.Build.0 = Development|Any CPU
		{F93CC47E-DAB2-3C41-868F-2F23152DF5C7}.Shipping|Win64.ActiveCfg = Development|Any CPU
		{F93CC47E-DAB2-3C41-868F-2F23152DF5C7}.Shipping|Win64.Build.0 = Development|Any CPU
		{095D1075-84FE-34AB-8881-F616D439E635}.DebugGame Editor|Win64.ActiveCfg = Development|Any CPU
		{095D1075-84FE-34AB-8881-F616D439E635}.DebugGame Editor|Win64.Build.0 = Development|Any CPU
		{095D1075-84FE-34AB-8881-F616D439E635}.DebugGame|Win64.ActiveCfg = Development|Any CPU
		{095D1075-84FE-34AB-8881-F616D439E635}.DebugGame|Win64.Build.0 = Development|Any CPU
		{095D1075-84FE-34AB-8881-F616D439E635}.Development Editor|Win64.ActiveCfg = Development|Any CPU
		{095D1075-84FE-34AB-8881-F616D439E635}.Development Editor|Win64.Build.0 = Development|Any CPU
		{095D1075-84FE-34AB-8881-F616D439E635}.Development|Win64.ActiveCfg = Development|Any CPU
		{095D1075-84FE-34AB-8881-F616D439E635}.Development|Win64.Build.0 = Development|Any CPU
		{095D1075-84FE-34AB-8881-F616D439E635}.Shipping|Win64.ActiveCfg = Development|Any CPU
		{095D1075-84FE-34AB-8881-F616D439E635}.Shipping|Win64.Build.0 = Development|Any CPU
		{364AF865-A3BE-38BE-852D-B8DB997A92E8}.DebugGame Editor|Win64.ActiveCfg = Development|Any CPU
		{364AF865-A3BE-38BE-852D-B8DB997A92E8}.DebugGame Editor|Win64.Build.0 = Development|Any CPU
		{364AF865-A3BE-38BE-852D-B8DB997A92E8}.DebugGame|Win64.ActiveCfg = Development|Any CPU
		{364AF865-A3BE-38BE-852D-B8DB997A92E8}.DebugGame|Win64.Build.0 = Development|Any CPU
		{364AF865-A3BE-38BE-852D-B8DB997A92E8}.Development Editor|Win64.ActiveCfg = Development|Any CPU
		{364AF865-A3BE-38BE-852D-B8DB997A92E8}.Development Editor|Win64.Build.0 = Development|Any CPU
		{364AF865-A3BE-38BE-852D-B8DB997A92E8}.Development|Win64.ActiveCfg = Development|Any CPU
		{364AF865-A3BE-38BE-852D-B8DB997A92E8}.Development|Win64.Build.0 = Development|Any CPU
		{364AF865-A3BE-38BE-852D-B8DB997A92E8}.Shipping|Win64.ActiveCfg = Development|Any CPU
		{364AF865-A3BE-38BE-852D-B8DB997A92E8}.Shipping|Win64.Build.0 = Development|Any CPU
		{DB3EA92E-6EF7-3006-8ED0-5AA1896B1414}.DebugGame Editor|Win64.ActiveCfg = Development|Any CPU
		{DB3EA92E-6EF7-3006-8ED0-5AA1896B1414}.DebugGame Editor|Win64.Build.0 = Development|Any CPU
		{DB3EA92E-6EF7-3006-8ED0-5AA1896B1414}.DebugGame|Win64.ActiveCfg = Development|Any CPU
		{DB3EA92E-6EF7-3006-8ED0-5AA1896B1414}.DebugGame|Win64.Build.0 = Development|Any CPU
		{DB3EA92E-6EF7-3006-8ED0-5AA1896B1414}.Development Editor|Win64.ActiveCfg = Development|Any CPU
		{DB3EA92E-6EF7-3006-8ED0-5AA1896B1414}.Development Editor|Win64.Build.0 = Development|Any CPU
		{DB3EA92E-6EF7-3006-8ED0-5AA1896B1414}.Development|Win64.ActiveCfg = Development|Any CPU
		{DB3EA92E-6EF7-3006-8ED0-5AA1896B1414}.Development|Win64.Build.0 = Development|Any CPU
		{DB3EA92E-6EF7-3006-8ED0-5AA1896B1414}.Shipping|Win64.ActiveCfg = Development|Any CPU
		{DB3EA92E-6EF7-3006-8ED0-5AA1896B1414}.Shipping|Win64.Build.0 = Development|Any CPU
		{FA6B4848-7EF2-35AC-8B7C-8D91871613DF}.DebugGame Editor|Win64.ActiveCfg = Development|Any CPU
		{FA6B4848-7EF2-35AC-8B7C-8D91871613DF}.DebugGame Editor|Win64.Build.0 = Development|Any CPU
		{FA6B4848-7EF2-35AC-8B7C-8D91871613DF}.DebugGame|Win64.ActiveCfg = Development|Any CPU
		{FA6B4848-7EF2-35AC-8B7C-8D91871613DF}.DebugGame|Win64.Build.0 = Development|Any CPU
		{FA6B4848-7EF2-35AC-8B7C-8D91871613DF}.Development Editor|Win64.ActiveCfg = Development|Any CPU
		{FA6B4848-7EF2-35AC-8B7C-8D91871613DF}.Development Editor|Win64.Build.0 = Development|Any CPU
		{FA6B4848-7EF2-35AC-8B7C-8D91871613DF}.Development|Win64.ActiveCfg = Development|Any CPU
		{FA6B4848-7EF2-35AC-8B7C-8D91871613DF}.Development|Win64.Build.0 = Development|Any CPU
		{FA6B4848-7EF2-35AC-8B7C-8D91871613DF}.Shipping|Win64.ActiveCfg = Development|Any CPU
		{FA6B4848-7EF2-35AC-8B7C-8D91871613DF}.Shipping|Win64.Build.0 = Development|Any CPU
		{4533DC16-7722-344A-A374-8E0E973FB3EA}.DebugGame Editor|Win64.ActiveCfg = Development|Any CPU
		{4533DC16-7722-344A-A374-8E0E973FB3EA}.DebugGame Editor|Win64.Build.0 = Development|Any CPU
		{4533DC16-7722-344A-A374-8E0E973FB3EA}.DebugGame|Win64.ActiveCfg = Development|Any CPU
		{4533DC16-7722-344A-A374-8E0E973FB3EA}.DebugGame|Win64.Build.0 = Development|Any CPU
		{4533DC16-7722-344A-A374-8E0E973FB3EA}.Development Editor|Win64.ActiveCfg = Development|Any CPU
		{4533DC16-7722-344A-A374-8E0E973FB3EA}.Development Editor|Win64.Build.0 = Development|Any CPU
		{4533DC16-7722-344A-A374-8E0E973FB3EA}.Development|Win64.ActiveCfg = Development|Any CPU
		{4533DC16-7722-344A-A374-8E0E973FB3EA}.Development|Win64.Build.0 = Development|Any CPU
		{4533DC16-7722-344A-A374-8E0E973FB3EA}.Shipping|Win64.ActiveCfg = Development|Any CPU
		{4533DC16-7722-344A-A374-8E0E973FB3EA}.Shipping|Win64.Build.0 = Development|Any CPU
		{EEF19074-DCDC-3C20-86C2-6B9A0B65C4DE}.DebugGame Editor|Win64.ActiveCfg = Development|Any CPU
		{EEF19074-DCDC-3C20-86C2-6B9A0B65C4DE}.DebugGame Editor|Win64.Build.0 = Development|Any CPU
		{EEF19074-DCDC-3C20-86C2-6B9A0B65C4DE}.DebugGame|Win64.ActiveCfg = Development|Any CPU
		{EEF19074-DCDC-3C20-86C2-6B9A0B65C4DE}.DebugGame|Win64.Build.0 = Development|Any CPU
		{EEF19074-DCDC-3C20-86C2-6B9A0B65C4DE}.Development Editor|Win64.ActiveCfg = Development|Any CPU
		{EEF19074-DCDC-3C20-86C2-6B9A0B65C4DE}.Development Editor|Win64.Build.0 = Development|Any CPU
		{EEF19074-DCDC-3C20-86C2-6B9A0B65C4DE}.Development|Win64.ActiveCfg = Development|Any CPU
		{EEF19074-DCDC-3C20-86C2-6B9A0B65C4DE}.Development|Win64.Build.0 = Development|Any CPU
		{EEF19074-DCDC-3C20-86C2-6B9A0B65C4DE}.Shipping|Win64.ActiveCfg = Development|Any CPU
		{EEF19074-DCDC-3C20-86C2-6B9A0B65C4DE}.Shipping|Win64.Build.0 = Development|Any CPU
		{4B971F54-02D7-3632-9D9B-306C381222CD}.DebugGame Editor|Win64.ActiveCfg = Development|Any CPU
		{4B971F54-02D7-3632-9D9B-306C381222CD}.DebugGame Editor|Win64.Build.0 = Development|Any CPU
		{4B971F54-02D7-3632-9D9B-306C381222CD}.DebugGame|Win64.ActiveCfg = Development|Any CPU
		{4B971F54-02D7-3632-9D9B-306C381222CD}.DebugGame|Win64.Build.0 = Development|Any CPU
		{4B971F54-02D7-3632-9D9B-306C381222CD}.Development Editor|Win64.ActiveCfg = Development|Any CPU
		{4B971F54-02D7-3632-9D9B-306C381222CD}.Development Editor|Win64.Build.0 = Development|Any CPU
		{4B971F54-02D7-3632-9D9B-306C381222CD}.Development|Win64.ActiveCfg = Development|Any CPU
		{4B971F54-02D7-3632-9D9B-306C381222CD}.Development|Win64.Build.0 = Development|Any CPU
		{4B971F54-02D7-3632-9D9B-306C381222CD}.Shipping|Win64.ActiveCfg = Development|Any CPU
		{4B971F54-02D7-3632-9D9B-306C381222CD}.Shipping|Win64.Build.0 = Development|Any CPU
		{B45C490E-510B-33AE-B868-9CA8EC777554}.DebugGame Editor|Win64.ActiveCfg = Development|Any CPU
		{B45C490E-510B-33AE-B868-9CA8EC777554}.DebugGame Editor|Win64.Build.0 = Development|Any CPU
		{B45C490E-510B-33AE-B868-9CA8EC777554}.DebugGame|Win64.ActiveCfg = Development|Any CPU
		{B45C490E-510B-33AE-B868-9CA8EC777554}.DebugGame|Win64.Build.0 = Development|Any CPU
		{B45C490E-510B-33AE-B868-9CA8EC777554}.Development Editor|Win64.ActiveCfg = Development|Any CPU
		{B45C490E-510B-33AE-B868-9CA8EC777554}.Development Editor|Win64.Build.0 = Development|Any CPU
		{B45C490E-510B-33AE-B868-9CA8EC777554}.Development|Win64.ActiveCfg = Development|Any CPU
		{B45C490E-510B-33AE-B868-9CA8EC777554}.Development|Win64.Build.0 = Development|Any CPU
		{B45C490E-510B-33AE-B868-9CA8EC777554}.Shipping|Win64.ActiveCfg = Development|Any CPU
		{B45C490E-510B-33AE-B868-9CA8EC777554}.Shipping|Win64.Build.0 = Development|Any CPU
		{BCC545AE-8A61-3BFD-AD38-780AD86A5DA7}.DebugGame Editor|Win64.ActiveCfg = Development|Any CPU
		{BCC545AE-8A61-3BFD-AD38-780AD86A5DA7}.DebugGame Editor|Win64.Build.0 = Development|Any CPU
		{BCC545AE-8A61-3BFD-AD38-780AD86A5DA7}.DebugGame|Win64.ActiveCfg = Development|Any CPU
		{BCC545AE-8A61-3BFD-AD38-780AD86A5DA7}.DebugGame|Win64.Build.0 = Development|Any CPU
		{BCC545AE-8A61-3BFD-AD38-780AD86A5DA7}.Development Editor|Win64.ActiveCfg = Development|Any CPU
		{BCC545AE-8A61-3BFD-AD38-780AD86A5DA7}.Development Editor|Win64.Build.0 = Development|Any CPU
		{BCC545AE-8A61-3BFD-AD38-780AD86A5DA7}.Development|Win64.ActiveCfg = Development|Any CPU
		{BCC545AE-8A61-3BFD-AD38-780AD86A5DA7}.Development|Win64.Build.0 = Development|Any CPU
		{BCC545AE-8A61-3BFD-AD38-780AD86A5DA7}.Shipping|Win64.ActiveCfg = Development|Any CPU
		{BCC545AE-8A61-3BFD-AD38-780AD86A5DA7}.Shipping|Win64.Build.0 = Development|Any CPU
		{4F9A0290-722C-3D7F-8A4D-1B1A58E11529}.DebugGame Editor|Win64.ActiveCfg = Development|Any CPU
		{4F9A0290-722C-3D7F-8A4D-1B1A58E11529}.DebugGame Editor|Win64.Build.0 = Development|Any CPU
		{4F9A0290-722C-3D7F-8A4D-1B1A58E11529}.DebugGame|Win64.ActiveCfg = Development|Any CPU
		{4F9A0290-722C-3D7F-8A4D-1B1A58E11529}.DebugGame|Win64.Build.0 = Development|Any CPU
		{4F9A0290-722C-3D7F-8A4D-1B1A58E11529}.Development Editor|Win64.ActiveCfg = Development|Any CPU
		{4F9A0290-722C-3D7F-8A4D-1B1A58E11529}.Development Editor|Win64.Build.0 = Development|Any CPU
		{4F9A0290-722C-3D7F-8A4D-1B1A58E11529}.Development|Win64.ActiveCfg = Development|Any CPU
		{4F9A0290-722C-3D7F-8A4D-1B1A58E11529}.Development|Win64.Build.0 = Development|Any CPU
		{4F9A0290-722C-3D7F-8A4D-1B1A58E11529}.Shipping|Win64.ActiveCfg = Development|Any CPU
		{4F9A0290-722C-3D7F-8A4D-1B1A58E11529}.Shipping|Win64.Build.0 = Development|Any CPU
		{1EDC856B-37C8-3B06-A199-68ECAD39D860}.DebugGame Editor|Win64.ActiveCfg = Development|Any CPU
		{1EDC856B-37C8-3B06-A199-68ECAD39D860}.DebugGame Editor|Win64.Build.0 = Development|Any CPU
		{1EDC856B-37C8-3B06-A199-68ECAD39D860}.DebugGame|Win64.ActiveCfg = Development|Any CPU
		{1EDC856B-37C8-3B06-A199-68ECAD39D860}.DebugGame|Win64.Build.0 = Development|Any CPU
		{1EDC856B-37C8-3B06-A199-68ECAD39D860}.Development Editor|Win64.ActiveCfg = Development|Any CPU
		{1EDC856B-37C8-3B06-A199-68ECAD39D860}.Development Editor|Win64.Build.0 = Development|Any CPU
		{1EDC856B-37C8-3B06-A199-68ECAD39D860}.Development|Win64.ActiveCfg = Development|Any CPU
		{1EDC856B-37C8-3B06-A199-68ECAD39D860}.Development|Win64.Build.0 = Development|Any CPU
		{1EDC856B-37C8-3B06-A199-68ECAD39D860}.Shipping|Win64.ActiveCfg = Development|Any CPU
		{1EDC856B-37C8-3B06-A199-68ECAD39D860}.Shipping|Win64.Build.0 = Development|Any CPU
		{D6469459-C381-3F4D-820A-9A1A62578FFA}.DebugGame Editor|Win64.ActiveCfg = Development|Any CPU
		{D6469459-C381-3F4D-820A-9A1A62578FFA}.DebugGame Editor|Win64.Build.0 = Development|Any CPU
		{D6469459-C381-3F4D-820A-9A1A62578FFA}.DebugGame|Win64.ActiveCfg = Development|Any CPU
		{D6469459-C381-3F4D-820A-9A1A62578FFA}.DebugGame|Win64.Build.0 = Development|Any CPU
		{D6469459-C381-3F4D-820A-9A1A62578FFA}.Development Editor|Win64.ActiveCfg = Development|Any CPU
		{D6469459-C381-3F4D-820A-9A1A62578FFA}.Development Editor|Win64.Build.0 = Development|Any CPU
		{D6469459-C381-3F4D-820A-9A1A62578FFA}.Development|Win64.ActiveCfg = Development|Any CPU
		{D6469459-C381-3F4D-820A-9A1A62578FFA}.Development|Win64.Build.0 = Development|Any CPU
		{D6469459-C381-3F4D-820A-9A1A62578FFA}.Shipping|Win64.ActiveCfg = Development|Any CPU
		{D6469459-C381-3F4D-820A-9A1A62578FFA}.Shipping|Win64.Build.0 = Development|Any CPU
		{2DF40333-1535-37B5-9562-142CB27E734E}.DebugGame Editor|Win64.ActiveCfg = Development|Any CPU
		{2DF40333-1535-37B5-9562-142CB27E734E}.DebugGame Editor|Win64.Build.0 = Development|Any CPU
		{2DF40333-1535-37B5-9562-142CB27E734E}.DebugGame|Win64.ActiveCfg = Development|Any CPU
		{2DF40333-1535-37B5-9562-142CB27E734E}.DebugGame|Win64.Build.0 = Development|Any CPU
		{2DF40333-1535-37B5-9562-142CB27E734E}.Development Editor|Win64.ActiveCfg = Development|Any CPU
		{2DF40333-1535-37B5-9562-142CB27E734E}.Development Editor|Win64.Build.0 = Development|Any CPU
		{2DF40333-1535-37B5-9562-142CB27E734E}.Development|Win64.ActiveCfg = Development|Any CPU
		{2DF40333-1535-37B5-9562-142CB27E734E}.Development|Win64.Build.0 = Development|Any CPU
		{2DF40333-1535-37B5-9562-142CB27E734E}.Shipping|Win64.ActiveCfg = Development|Any CPU
		{2DF40333-1535-37B5-9562-142CB27E734E}.Shipping|Win64.Build.0 = Development|Any CPU
		{93E3C5ED-39CD-380C-BEF5-B0FCA6CE81D8}.DebugGame Editor|Win64.ActiveCfg = Development|Any CPU
		{93E3C5ED-39CD-380C-BEF5-B0FCA6CE81D8}.DebugGame Editor|Win64.Build.0 = Development|Any CPU
		{93E3C5ED-39CD-380C-BEF5-B0FCA6CE81D8}.DebugGame|Win64.ActiveCfg = Development|Any CPU
		{93E3C5ED-39CD-380C-BEF5-B0FCA6CE81D8}.DebugGame|Win64.Build.0 = Development|Any CPU
		{93E3C5ED-39CD-380C-BEF5-B0FCA6CE81D8}.Development Editor|Win64.ActiveCfg = Development|Any CPU
		{93E3C5ED-39CD-380C-BEF5-B0FCA6CE81D8}.Development Editor|Win64.Build.0 = Development|Any CPU
		{93E3C5ED-39CD-380C-BEF5-B0FCA6CE81D8}.Development|Win64.ActiveCfg = Development|Any CPU
		{93E3C5ED-39CD-380C-BEF5-B0FCA6CE81D8}.Development|Win64.Build.0 = Development|Any CPU
		{93E3C5ED-39CD-380C-BEF5-B0FCA6CE81D8}.Shipping|Win64.ActiveCfg = Development|Any CPU
		{93E3C5ED-39CD-380C-BEF5-B0FCA6CE81D8}.Shipping|Win64.Build.0 = Development|Any CPU
		{22187E3E-F298-3320-A5C5-6EB87D524C5A}.DebugGame Editor|Win64.ActiveCfg = Development|Any CPU
		{22187E3E-F298-3320-A5C5-6EB87D524C5A}.DebugGame Editor|Win64.Build.0 = Development|Any CPU
		{22187E3E-F298-3320-A5C5-6EB87D524C5A}.DebugGame|Win64.ActiveCfg = Development|Any CPU
		{22187E3E-F298-3320-A5C5-6EB87D524C5A}.DebugGame|Win64.Build.0 = Development|Any CPU
		{22187E3E-F298-3320-A5C5-6EB87D524C5A}.Development Editor|Win64.ActiveCfg = Development|Any CPU
		{22187E3E-F298-3320-A5C5-6EB87D524C5A}.Development Editor|Win64.Build.0 = Development|Any CPU
		{22187E3E-F298-3320-A5C5-6EB87D524C5A}.Development|Win64.ActiveCfg = Development|Any CPU
		{22187E3E-F298-3320-A5C5-6EB87D524C5A}.Development|Win64.Build.0 = Development|Any CPU
		{22187E3E-F298-3320-A5C5-6EB87D524C5A}.Shipping|Win64.ActiveCfg = Development|Any CPU
		{22187E3E-F298-3320-A5C5-6EB87D524C5A}.Shipping|Win64.Build.0 = Development|Any CPU
		{36130E07-BF66-35F8-B43A-7BF60D9DAF0C}.DebugGame Editor|Win64.ActiveCfg = Development|Any CPU
		{36130E07-BF66-35F8-B43A-7BF60D9DAF0C}.DebugGame Editor|Win64.Build.0 = Development|Any CPU
		{36130E07-BF66-35F8-B43A-7BF60D9DAF0C}.DebugGame|Win64.ActiveCfg = Development|Any CPU
		{36130E07-BF66-35F8-B43A-7BF60D9DAF0C}.DebugGame|Win64.Build.0 = Development|Any CPU
		{36130E07-BF66-35F8-B43A-7BF60D9DAF0C}.Development Editor|Win64.ActiveCfg = Development|Any CPU
		{36130E07-BF66-35F8-B43A-7BF60D9DAF0C}.Development Editor|Win64.Build.0 = Development|Any CPU
		{36130E07-BF66-35F8-B43A-7BF60D9DAF0C}.Development|Win64.ActiveCfg = Development|Any CPU
		{36130E07-BF66-35F8-B43A-7BF60D9DAF0C}.Development|Win64.Build.0 = Development|Any CPU
		{36130E07-BF66-35F8-B43A-7BF60D9DAF0C}.Shipping|Win64.ActiveCfg = Development|Any CPU
		{36130E07-BF66-35F8-B43A-7BF60D9DAF0C}.Shipping|Win64.Build.0 = Development|Any CPU
		{AF0210BF-8460-3B38-BA1D-38366028F870}.DebugGame Editor|Win64.ActiveCfg = Development|Any CPU
		{AF0210BF-8460-3B38-BA1D-38366028F870}.DebugGame Editor|Win64.Build.0 = Development|Any CPU
		{AF0210BF-8460-3B38-BA1D-38366028F870}.DebugGame|Win64.ActiveCfg = Development|Any CPU
		{AF0210BF-8460-3B38-BA1D-38366028F870}.DebugGame|Win64.Build.0 = Development|Any CPU
		{AF0210BF-8460-3B38-BA1D-38366028F870}.Development Editor|Win64.ActiveCfg = Development|Any CPU
		{AF0210BF-8460-3B38-BA1D-38366028F870}.Development Editor|Win64.Build.0 = Development|Any CPU
		{AF0210BF-8460-3B38-BA1D-38366028F870}.Development|Win64.ActiveCfg = Development|Any CPU
		{AF0210BF-8460-3B38-BA1D-38366028F870}.Development|Win64.Build.0 = Development|Any CPU
		{AF0210BF-8460-3B38-BA1D-38366028F870}.Shipping|Win64.ActiveCfg = Development|Any CPU
		{AF0210BF-8460-3B38-BA1D-38366028F870}.Shipping|Win64.Build.0 = Development|Any CPU
		{C03BA752-72B2-3F75-879C-75E74C8DD91F}.DebugGame Editor|Win64.ActiveCfg = Development|Any CPU
		{C03BA752-72B2-3F75-879C-75E74C8DD91F}.DebugGame Editor|Win64.Build.0 = Development|Any CPU
		{C03BA752-72B2-3F75-879C-75E74C8DD91F}.DebugGame|Win64.ActiveCfg = Development|Any CPU
		{C03BA752-72B2-3F75-879C-75E74C8DD91F}.DebugGame|Win64.Build.0 = Development|Any CPU
		{C03BA752-72B2-3F75-879C-75E74C8DD91F}.Development Editor|Win64.ActiveCfg = Development|Any CPU
		{C03BA752-72B2-3F75-879C-75E74C8DD91F}.Development Editor|Win64.Build.0 = Development|Any CPU
		{C03BA752-72B2-3F75-879C-75E74C8DD91F}.Development|Win64.ActiveCfg = Development|Any CPU
		{C03BA752-72B2-3F75-879C-75E74C8DD91F}.Development|Win64.Build.0 = Development|Any CPU
		{C03BA752-72B2-3F75-879C-75E74C8DD91F}.Shipping|Win64.ActiveCfg = Development|Any CPU
		{C03BA752-72B2-3F75-879C-75E74C8DD91F}.Shipping|Win64.Build.0 = Development|Any CPU
		{D2DD5BFD-269B-3FB8-B6E9-A88F6D409554}.DebugGame Editor|Win64.ActiveCfg = Development|Any CPU
		{D2DD5BFD-269B-3FB8-B6E9-A88F6D409554}.DebugGame Editor|Win64.Build.0 = Development|Any CPU
		{D2DD5BFD-269B-3FB8-B6E9-A88F6D409554}.DebugGame|Win64.ActiveCfg = Development|Any CPU
		{D2DD5BFD-269B-3FB8-B6E9-A88F6D409554}.DebugGame|Win64.Build.0 = Development|Any CPU
		{D2DD5BFD-269B-3FB8-B6E9-A88F6D409554}.Development Editor|Win64.ActiveCfg = Development|Any CPU
		{D2DD5BFD-269B-3FB8-B6E9-A88F6D409554}.Development Editor|Win64.Build.0 = Development|Any CPU
		{D2DD5BFD-269B-3FB8-B6E9-A88F6D409554}.Development|Win64.ActiveCfg = Development|Any CPU
		{D2DD5BFD-269B-3FB8-B6E9-A88F6D409554}.Development|Win64.Build.0 = Development|Any CPU
		{D2DD5BFD-269B-3FB8-B6E9-A88F6D409554}.Shipping|Win64.ActiveCfg = Development|Any CPU
		{D2DD5BFD-269B-3FB8-B6E9-A88F6D409554}.Shipping|Win64.Build.0 = Development|Any CPU
		{75E1B70D-D239-3045-A5B2-6E399F2D9F44}.DebugGame Editor|Win64.ActiveCfg = Development|Any CPU
		{75E1B70D-D239-3045-A5B2-6E399F2D9F44}.DebugGame Editor|Win64.Build.0 = Development|Any CPU
		{75E1B70D-D239-3045-A5B2-6E399F2D9F44}.DebugGame|Win64.ActiveCfg = Development|Any CPU
		{75E1B70D-D239-3045-A5B2-6E399F2D9F44}.DebugGame|Win64.Build.0 = Development|Any CPU
		{75E1B70D-D239-3045-A5B2-6E399F2D9F44}.Development Editor|Win64.ActiveCfg = Development|Any CPU
		{75E1B70D-D239-3045-A5B2-6E399F2D9F44}.Development Editor|Win64.Build.0 = Development|Any CPU
		{75E1B70D-D239-3045-A5B2-6E399F2D9F44}.Development|Win64.ActiveCfg = Development|Any CPU
		{75E1B70D-D239-3045-A5B2-6E399F2D9F44}.Development|Win64.Build.0 = Development|Any CPU
		{75E1B70D-D239-3045-A5B2-6E399F2D9F44}.Shipping|Win64.ActiveCfg = Development|Any CPU
		{75E1B70D-D239-3045-A5B2-6E399F2D9F44}.Shipping|Win64.Build.0 = Development|Any CPU
		{6263A329-2DA8-3B06-825F-A4B98CC9526D}.DebugGame Editor|Win64.ActiveCfg = Development|Any CPU
		{6263A329-2DA8-3B06-825F-A4B98CC9526D}.DebugGame Editor|Win64.Build.0 = Development|Any CPU
		{6263A329-2DA8-3B06-825F-A4B98CC9526D}.DebugGame|Win64.ActiveCfg = Development|Any CPU
		{6263A329-2DA8-3B06-825F-A4B98CC9526D}.DebugGame|Win64.Build.0 = Development|Any CPU
		{6263A329-2DA8-3B06-825F-A4B98CC9526D}.Development Editor|Win64.ActiveCfg = Development|Any CPU
		{6263A329-2DA8-3B06-825F-A4B98CC9526D}.Development Editor|Win64.Build.0 = Development|Any CPU
		{6263A329-2DA8-3B06-825F-A4B98CC9526D}.Development|Win64.ActiveCfg = Development|Any CPU
		{6263A329-2DA8-3B06-825F-A4B98CC9526D}.Development|Win64.Build.0 = Development|Any CPU
		{6263A329-2DA8-3B06-825F-A4B98CC9526D}.Shipping|Win64.ActiveCfg = Development|Any CPU
		{6263A329-2DA8-3B06-825F-A4B98CC9526D}.Shipping|Win64.Build.0 = Development|Any CPU
		{C4B06D0C-9915-391E-B720-45F546E6DC87}.DebugGame Editor|Win64.ActiveCfg = Development|Any CPU
		{C4B06D0C-9915-391E-B720-45F546E6DC87}.DebugGame Editor|Win64.Build.0 = Development|Any CPU
		{C4B06D0C-9915-391E-B720-45F546E6DC87}.DebugGame|Win64.ActiveCfg = Development|Any CPU
		{C4B06D0C-9915-391E-B720-45F546E6DC87}.DebugGame|Win64.Build.0 = Development|Any CPU
		{C4B06D0C-9915-391E-B720-45F546E6DC87}.Development Editor|Win64.ActiveCfg = Development|Any CPU
		{C4B06D0C-9915-391E-B720-45F546E6DC87}.Development Editor|Win64.Build.0 = Development|Any CPU
		{C4B06D0C-9915-391E-B720-45F546E6DC87}.Development|Win64.ActiveCfg = Development|Any CPU
		{C4B06D0C-9915-391E-B720-45F546E6DC87}.Development|Win64.Build.0 = Development|Any CPU
		{C4B06D0C-9915-391E-B720-45F546E6DC87}.Shipping|Win64.ActiveCfg = Development|Any CPU
		{C4B06D0C-9915-391E-B720-45F546E6DC87}.Shipping|Win64.Build.0 = Development|Any CPU
		{FFED58D3-6004-30A9-BDAC-3C6975D35DD1}.DebugGame Editor|Win64.ActiveCfg = Development|Any CPU
		{FFED58D3-6004-30A9-BDAC-3C6975D35DD1}.DebugGame Editor|Win64.Build.0 = Development|Any CPU
		{FFED58D3-6004-30A9-BDAC-3C6975D35DD1}.DebugGame|Win64.ActiveCfg = Development|Any CPU
		{FFED58D3-6004-30A9-BDAC-3C6975D35DD1}.DebugGame|Win64.Build.0 = Development|Any CPU
		{FFED58D3-6004-30A9-BDAC-3C6975D35DD1}.Development Editor|Win64.ActiveCfg = Development|Any CPU
		{FFED58D3-6004-30A9-BDAC-3C6975D35DD1}.Development Editor|Win64.Build.0 = Development|Any CPU
		{FFED58D3-6004-30A9-BDAC-3C6975D35DD1}.Development|Win64.ActiveCfg = Development|Any CPU
		{FFED58D3-6004-30A9-BDAC-3C6975D35DD1}.Development|Win64.Build.0 = Development|Any CPU
		{FFED58D3-6004-30A9-BDAC-3C6975D35DD1}.Shipping|Win64.ActiveCfg = Development|Any CPU
		{FFED58D3-6004-30A9-BDAC-3C6975D35DD1}.Shipping|Win64.Build.0 = Development|Any CPU
		{C9D4FFC0-DEF3-38C9-8F4F-7ED64DE613B8}.DebugGame Editor|Win64.ActiveCfg = Development|Any CPU
		{C9D4FFC0-DEF3-38C9-8F4F-7ED64DE613B8}.DebugGame Editor|Win64.Build.0 = Development|Any CPU
		{C9D4FFC0-DEF3-38C9-8F4F-7ED64DE613B8}.DebugGame|Win64.ActiveCfg = Development|Any CPU
		{C9D4FFC0-DEF3-38C9-8F4F-7ED64DE613B8}.DebugGame|Win64.Build.0 = Development|Any CPU
		{C9D4FFC0-DEF3-38C9-8F4F-7ED64DE613B8}.Development Editor|Win64.ActiveCfg = Development|Any CPU
		{C9D4FFC0-DEF3-38C9-8F4F-7ED64DE613B8}.Development Editor|Win64.Build.0 = Development|Any CPU
		{C9D4FFC0-DEF3-38C9-8F4F-7ED64DE613B8}.Development|Win64.ActiveCfg = Development|Any CPU
		{C9D4FFC0-DEF3-38C9-8F4F-7ED64DE613B8}.Development|Win64.Build.0 = Development|Any CPU
		{C9D4FFC0-DEF3-38C9-8F4F-7ED64DE613B8}.Shipping|Win64.ActiveCfg = Development|Any CPU
		{C9D4FFC0-DEF3-38C9-8F4F-7ED64DE613B8}.Shipping|Win64.Build.0 = Development|Any CPU
		{7E2F6A31-A5D2-3165-ABC8-99A42DA76F6D}.DebugGame Editor|Win64.ActiveCfg = Development|Any CPU
		{7E2F6A31-A5D2-3165-ABC8-99A42DA76F6D}.DebugGame Editor|Win64.Build.0 = Development|Any CPU
		{7E2F6A31-A5D2-3165-ABC8-99A42DA76F6D}.DebugGame|Win64.ActiveCfg = Development|Any CPU
		{7E2F6A31-A5D2-3165-ABC8-99A42DA76F6D}.DebugGame|Win64.Build.0 = Development|Any CPU
		{7E2F6A31-A5D2-3165-ABC8-99A42DA76F6D}.Development Editor|Win64.ActiveCfg = Development|Any CPU
		{7E2F6A31-A5D2-3165-ABC8-99A42DA76F6D}.Development Editor|Win64.Build.0 = Development|Any CPU
		{7E2F6A31-A5D2-3165-ABC8-99A42DA76F6D}.Development|Win64.ActiveCfg = Development|Any CPU
		{7E2F6A31-A5D2-3165-ABC8-99A42DA76F6D}.Development|Win64.Build.0 = Development|Any CPU
		{7E2F6A31-A5D2-3165-ABC8-99A42DA76F6D}.Shipping|Win64.ActiveCfg = Development|Any CPU
		{7E2F6A31-A5D2-3165-ABC8-99A42DA76F6D}.Shipping|Win64.Build.0 = Development|Any CPU
		{B41FDA0C-ABCD-392D-90BD-CFE0D42A8DFF}.DebugGame Editor|Win64.ActiveCfg = Development|Any CPU
		{B41FDA0C-ABCD-392D-90BD-CFE0D42A8DFF}.DebugGame Editor|Win64.Build.0 = Development|Any CPU
		{B41FDA0C-ABCD-392D-90BD-CFE0D42A8DFF}.DebugGame|Win64.ActiveCfg = Development|Any CPU
		{B41FDA0C-ABCD-392D-90BD-CFE0D42A8DFF}.DebugGame|Win64.Build.0 = Development|Any CPU
		{B41FDA0C-ABCD-392D-90BD-CFE0D42A8DFF}.Development Editor|Win64.ActiveCfg = Development|Any CPU
		{B41FDA0C-ABCD-392D-90BD-CFE0D42A8DFF}.Development Editor|Win64.Build.0 = Development|Any CPU
		{B41FDA0C-ABCD-392D-90BD-CFE0D42A8DFF}.Development|Win64.ActiveCfg = Development|Any CPU
		{B41FDA0C-ABCD-392D-90BD-CFE0D42A8DFF}.Development|Win64.Build.0 = Development|Any CPU
		{B41FDA0C-ABCD-392D-90BD-CFE0D42A8DFF}.Shipping|Win64.ActiveCfg = Development|Any CPU
		{B41FDA0C-ABCD-392D-90BD-CFE0D42A8DFF}.Shipping|Win64.Build.0 = Development|Any CPU
	EndGlobalSection
	GlobalSection(SolutionProperties) = preSolution
		HideSolutionNode = FALSE
	EndGlobalSection
	GlobalSection(NestedProjects) = preSolution
		{9682ED7E-99E2-395C-80D3-FD841D105CB5} = {233774A8-CC9D-3FA9-86D1-90573E92B704}
		{3A24CCFC-F509-3BC9-90FB-E881834394D5} = {DE1F8B53-6C02-3C13-9101-A7C8D96F3FF6}
		{F1C5B539-0389-3A15-B3FB-36D30B309577} = {A338B9E2-A559-34BE-A46D-F789DD488FAD}
		{8D21E6B0-E142-3FFF-91D5-EC83899E7CF5} = {A338B9E2-A559-34BE-A46D-F789DD488FAD}
		{0BFBE63A-B98A-3411-8EEB-8918FEC737B3} = {A338B9E2-A559-34BE-A46D-F789DD488FAD}
		{7B5CFB44-F0FB-31DF-AE62-C3C096A29A7B} = {A338B9E2-A559-34BE-A46D-F789DD488FAD}
		{57713676-9DBE-331C-AD10-26632AC9EE0C} = {A338B9E2-A559-34BE-A46D-F789DD488FAD}
		{5A22A986-D198-3DDA-8829-66902477A592} = {0BFBE63A-B98A-3411-8EEB-8918FEC737B3}
		{5A393878-AA99-3864-8EB7-36502BE17953} = {0BFBE63A-B98A-3411-8EEB-8918FEC737B3}
		{8ED4CE47-8297-367B-9E58-9F6DE011034A} = {0BFBE63A-B98A-3411-8EEB-8918FEC737B3}
		{FBBD0DE2-5E4F-3C80-A209-413D00ED4294} = {0BFBE63A-B98A-3411-8EEB-8918FEC737B3}
		{F7DDEB78-DB81-32F3-AC04-F16ADA2C1613} = {0BFBE63A-B98A-3411-8EEB-8918FEC737B3}
		{87092FFC-5C04-33E2-A390-946367240887} = {0BFBE63A-B98A-3411-8EEB-8918FEC737B3}
		{ACA427C9-CC70-3CE7-8649-1AE656C56FE3} = {0BFBE63A-B98A-3411-8EEB-8918FEC737B3}
		{13BC7C86-F433-39D1-9B93-AB225B23ACA7} = {0BFBE63A-B98A-3411-8EEB-8918FEC737B3}
		{D54A1ED4-E516-3243-8440-BCA2DF5A25E3} = {0BFBE63A-B98A-3411-8EEB-8918FEC737B3}
		{E5AA5B55-5B7E-3ADC-9D04-6AA4CC0A7C0A} = {0BFBE63A-B98A-3411-8EEB-8918FEC737B3}
		{43524533-EDF2-33CF-9E68-B7D57AAF8D05} = {0BFBE63A-B98A-3411-8EEB-8918FEC737B3}
		{E796CCF4-94E8-3412-87B6-A57F6CDE498F} = {0BFBE63A-B98A-3411-8EEB-8918FEC737B3}
		{D9BA40D2-1B0D-3749-8A71-F2E0EC46F965} = {0BFBE63A-B98A-3411-8EEB-8918FEC737B3}
		{D47E0251-1346-37CE-99F3-430FE6A463B2} = {0BFBE63A-B98A-3411-8EEB-8918FEC737B3}
		{BFCC8A0C-DCCE-3A07-835E-BEF6EB2B84F9} = {0BFBE63A-B98A-3411-8EEB-8918FEC737B3}
		{F519A971-903B-3CC2-AEE0-5266DDFD29FA} = {0BFBE63A-B98A-3411-8EEB-8918FEC737B3}
		{826B7FBE-F0CD-39A8-821C-7C0598A5BFEF} = {0BFBE63A-B98A-3411-8EEB-8918FEC737B3}
		{F93CC47E-DAB2-3C41-868F-2F23152DF5C7} = {0BFBE63A-B98A-3411-8EEB-8918FEC737B3}
		{095D1075-84FE-34AB-8881-F616D439E635} = {0BFBE63A-B98A-3411-8EEB-8918FEC737B3}
		{364AF865-A3BE-38BE-852D-B8DB997A92E8} = {0BFBE63A-B98A-3411-8EEB-8918FEC737B3}
		{DB3EA92E-6EF7-3006-8ED0-5AA1896B1414} = {7B5CFB44-F0FB-31DF-AE62-C3C096A29A7B}
		{FA6B4848-7EF2-35AC-8B7C-8D91871613DF} = {57713676-9DBE-331C-AD10-26632AC9EE0C}
		{4533DC16-7722-344A-A374-8E0E973FB3EA} = {57713676-9DBE-331C-AD10-26632AC9EE0C}
		{EEF19074-DCDC-3C20-86C2-6B9A0B65C4DE} = {57713676-9DBE-331C-AD10-26632AC9EE0C}
		{4B971F54-02D7-3632-9D9B-306C381222CD} = {57713676-9DBE-331C-AD10-26632AC9EE0C}
		{B45C490E-510B-33AE-B868-9CA8EC777554} = {57713676-9DBE-331C-AD10-26632AC9EE0C}
		{BCC545AE-8A61-3BFD-AD38-780AD86A5DA7} = {57713676-9DBE-331C-AD10-26632AC9EE0C}
		{4F9A0290-722C-3D7F-8A4D-1B1A58E11529} = {57713676-9DBE-331C-AD10-26632AC9EE0C}
		{1EDC856B-37C8-3B06-A199-68ECAD39D860} = {57713676-9DBE-331C-AD10-26632AC9EE0C}
		{D6469459-C381-3F4D-820A-9A1A62578FFA} = {57713676-9DBE-331C-AD10-26632AC9EE0C}
		{2DF40333-1535-37B5-9562-142CB27E734E} = {57713676-9DBE-331C-AD10-26632AC9EE0C}
		{93E3C5ED-39CD-380C-BEF5-B0FCA6CE81D8} = {57713676-9DBE-331C-AD10-26632AC9EE0C}
		{22187E3E-F298-3320-A5C5-6EB87D524C5A} = {57713676-9DBE-331C-AD10-26632AC9EE0C}
		{36130E07-BF66-35F8-B43A-7BF60D9DAF0C} = {57713676-9DBE-331C-AD10-26632AC9EE0C}
		{AF0210BF-8460-3B38-BA1D-38366028F870} = {57713676-9DBE-331C-AD10-26632AC9EE0C}
		{C03BA752-72B2-3F75-879C-75E74C8DD91F} = {57713676-9DBE-331C-AD10-26632AC9EE0C}
		{D2DD5BFD-269B-3FB8-B6E9-A88F6D409554} = {57713676-9DBE-331C-AD10-26632AC9EE0C}
		{75E1B70D-D239-3045-A5B2-6E399F2D9F44} = {57713676-9DBE-331C-AD10-26632AC9EE0C}
		{6263A329-2DA8-3B06-825F-A4B98CC9526D} = {57713676-9DBE-331C-AD10-26632AC9EE0C}
		{C4B06D0C-9915-391E-B720-45F546E6DC87} = {57713676-9DBE-331C-AD10-26632AC9EE0C}
		{FFED58D3-6004-30A9-BDAC-3C6975D35DD1} = {57713676-9DBE-331C-AD10-26632AC9EE0C}
		{C9D4FFC0-DEF3-38C9-8F4F-7ED64DE613B8} = {C2F57ECE-B26F-39D8-BDA7-C1D40BD8F180}
		{7E2F6A31-A5D2-3165-ABC8-99A42DA76F6D} = {C2F57ECE-B26F-39D8-BDA7-C1D40BD8F180}
		{B41FDA0C-ABCD-392D-90BD-CFE0D42A8DFF} = {C2F57ECE-B26F-39D8-BDA7-C1D40BD8F180}
	EndGlobalSection
EndGlobal
